
Microsoft Visual Studio Solution File, Format Version 12.00
# Visual Studio Version 17
VisualStudioVersion = 17.12.35527.113
MinimumVisualStudioVersion = 10.0.40219.1
Project("{8BC9CEB8-8B4A-11D0-8D11-00A0C91BC942}") = "Engine", "Engine\Engine.vcxproj", "{FFE87DCB-69B8-4549-8D06-A681A29EF1D8}"
EndProject
Project("{2150E333-8FDC-42A3-9474-1A3956D46DE8}") = "Apps", "Apps", "{A5AC2980-D9E7-4318-A481-6B1C89D83DFB}"
EndProject
Project("{8BC9CEB8-8B4A-11D0-8D11-00A0C91BC942}") = "Test", "Apps\Test\Test.vcxproj", "{C1E41B8F-C86D-4F8E-B660-484FC82A5B20}"
	ProjectSection(ProjectDependencies) = postProject
		{FFE87DCB-69B8-4549-8D06-A681A29EF1D8} = {FFE87DCB-69B8-4549-8D06-A681A29EF1D8}
	EndProjectSection
EndProject
Global
	GlobalSection(SolutionConfigurationPlatforms) = preSolution
		Debug|x64 = Debug|x64
		Profile|x64 = Profile|x64
		Release|x64 = Release|x64
	EndGlobalSection
	GlobalSection(ProjectConfigurationPlatforms) = postSolution
		{FFE87DCB-69B8-4549-8D06-A681A29EF1D8}.Debug|x64.ActiveCfg = Debug|x64
		{FFE87DCB-69B8-4549-8D06-A681A29EF1D8}.Debug|x64.Build.0 = Debug|x64
		{FFE87DCB-69B8-4549-8D06-A681A29EF1D8}.Profile|x64.ActiveCfg = Profile|x64
		{FFE87DCB-69B8-4549-8D06-A681A29EF1D8}.Profile|x64.Build.0 = Profile|x64
		{FFE87DCB-69B8-4549-8D06-A681A29EF1D8}.Release|x64.ActiveCfg = Release|x64
		{FFE87DCB-69B8-4549-8D06-A681A29EF1D8}.Release|x64.Build.0 = Release|x64
		{C1E41B8F-C86D-4F8E-B660-484FC82A5B20}.Debug|x64.ActiveCfg = Debug|x64
		{C1E41B8F-C86D-4F8E-B660-484FC82A5B20}.Debug|x64.Build.0 = Debug|x64
		{C1E41B8F-C86D-4F8E-B660-484FC82A5B20}.Profile|x64.ActiveCfg = Profile|x64
		{C1E41B8F-C86D-4F8E-B660-484FC82A5B20}.Profile|x64.Build.0 = Profile|x64
		{C1E41B8F-C86D-4F8E-B660-484FC82A5B20}.Release|x64.ActiveCfg = Release|x64
		{C1E41B8F-C86D-4F8E-B660-484FC82A5B20}.Release|x64.Build.0 = Release|x64
	EndGlobalSection
	GlobalSection(SolutionProperties) = preSolution
		HideSolutionNode = FALSE
	EndGlobalSection
	GlobalSection(NestedProjects) = preSolution
		{C1E41B8F-C86D-4F8E-B660-484FC82A5B20} = {A5AC2980-D9E7-4318-A481-6B1C89D83DFB}
	EndGlobalSection
EndGlobal
