<?xml version="1.0" encoding="utf-8"?>
<Project ToolsVersion="4.0" xmlns="http://schemas.microsoft.com/developer/msbuild/2003">
  <ItemGroup>
    <ClCompile Include="Application.cpp" />
    <ClCompile Include="FileSystem.cpp" />
    <ClCompile Include="LogSystem.cpp" />
    <ClCompile Include="Stdafx.cpp" />
    <ClCompile Include="Core\Math\BoundingBox.cpp">
      <Filter>Core\Math</Filter>
    </ClCompile>
    <ClCompile Include="Core\Math\Frustum.cpp">
      <Filter>Core\Math</Filter>
    </ClCompile>
    <ClCompile Include="Core\Math\Random.cpp">
      <Filter>Core\Math</Filter>
    </ClCompile>
    <ClCompile Include="Core\Color.cpp">
      <Filter>Core</Filter>
    </ClCompile>
    <ClCompile Include="Core\Hash.cpp">
      <Filter>Core</Filter>
    </ClCompile>
    <ClCompile Include="Core\Utility.cpp">
      <Filter>Core</Filter>
    </ClCompile>
    <ClCompile Include="InputSystem.cpp" />
    <ClCompile Include="Graphics\DX12\DeviceManager12.cpp">
      <Filter>Graphics\DX12</Filter>
    </ClCompile>
    <ClCompile Include="Graphics\Vulkan\DeviceManagerVK.cpp">
      <Filter>Graphics\Vulkan</Filter>
    </ClCompile>
    <ClCompile Include="Graphics\GraphicsCommon.cpp">
      <Filter>Graphics</Filter>
    </ClCompile>
    <ClCompile Include="Graphics\Formats.cpp">
      <Filter>Graphics</Filter>
    </ClCompile>
    <ClCompile Include="Graphics\DX12\DirectXCommon.cpp">
      <Filter>Graphics\DX12</Filter>
    </ClCompile>
    <ClCompile Include="Graphics\DX12\Formats12.cpp">
      <Filter>Graphics\DX12</Filter>
    </ClCompile>
    <ClCompile Include="Core\FlagStringMap.cpp">
      <Filter>Core</Filter>
    </ClCompile>
    <ClCompile Include="Graphics\DX12\Enums12.cpp">
      <Filter>Graphics\DX12</Filter>
    </ClCompile>
    <ClCompile Include="Graphics\DX12\Queue12.cpp">
      <Filter>Graphics\DX12</Filter>
    </ClCompile>
    <ClCompile Include="Graphics\DX12\CommandAllocatorPool12.cpp">
      <Filter>Graphics\DX12</Filter>
    </ClCompile>
    <ClCompile Include="Graphics\DX12\DescriptorAllocator12.cpp">
      <Filter>Graphics\DX12</Filter>
    </ClCompile>
    <ClCompile Include="Graphics\CommandContext.cpp">
      <Filter>Graphics</Filter>
    </ClCompile>
    <ClCompile Include="Graphics\DX12\CommandContext12.cpp">
      <Filter>Graphics\DX12</Filter>
    </ClCompile>
    <ClCompile Include="Graphics\Vulkan\VulkanCommon.cpp">
      <Filter>Graphics\Vulkan</Filter>
    </ClCompile>
    <ClCompile Include="Graphics\Vulkan\EnumsVK.cpp">
      <Filter>Graphics\Vulkan</Filter>
    </ClCompile>
    <ClCompile Include="Graphics\Vulkan\FormatsVK.cpp">
      <Filter>Graphics\Vulkan</Filter>
    </ClCompile>
    <ClCompile Include="Graphics\Vulkan\RefCountingImplVK.cpp">
      <Filter>Graphics\Vulkan</Filter>
    </ClCompile>
    <ClCompile Include="Graphics\Vulkan\VersionVK.cpp">
      <Filter>Graphics\Vulkan</Filter>
    </ClCompile>
    <ClCompile Include="Graphics\Vulkan\CommandBufferPoolVK.cpp">
      <Filter>Graphics\Vulkan</Filter>
    </ClCompile>
    <ClCompile Include="Graphics\Vulkan\QueueVK.cpp">
      <Filter>Graphics\Vulkan</Filter>
    </ClCompile>
    <ClCompile Include="Graphics\Vulkan\CommandContextVK.cpp">
      <Filter>Graphics\Vulkan</Filter>
    </ClCompile>
    <ClCompile Include="..\External\D3D12MemoryAllocator\src\D3D12MemAlloc.cpp">
      <Filter>External\D3D12MemoryAllocator</Filter>
    </ClCompile>
    <ClCompile Include="Graphics\InputLayout.cpp">
      <Filter>Graphics</Filter>
    </ClCompile>
    <ClCompile Include="BinaryReader.cpp" />
    <ClCompile Include="Graphics\Shader.cpp">
      <Filter>Graphics</Filter>
    </ClCompile>
    <ClCompile Include="Graphics\DX12\Shader12.cpp">
      <Filter>Graphics\DX12</Filter>
    </ClCompile>
    <ClCompile Include="Graphics\CommonStates.cpp">
      <Filter>Graphics</Filter>
    </ClCompile>
    <ClCompile Include="Graphics\Vulkan\DescriptorAllocatorVK.cpp">
      <Filter>Graphics\Vulkan</Filter>
    </ClCompile>
    <ClCompile Include="Graphics\Camera.cpp">
      <Filter>Graphics</Filter>
    </ClCompile>
    <ClCompile Include="CameraController.cpp" />
    <ClCompile Include="Graphics\RootSignature.cpp">
      <Filter>Graphics</Filter>
    </ClCompile>
    <ClCompile Include="Graphics\ResourceSet.cpp">
      <Filter>Graphics</Filter>
    </ClCompile>
    <ClCompile Include="Graphics\Vulkan\VulkanUtil.cpp">
      <Filter>Graphics\Vulkan</Filter>
    </ClCompile>
    <ClCompile Include="Graphics\DX12\DynamicDescriptorHeap12.cpp">
      <Filter>Graphics\DX12</Filter>
    </ClCompile>
    <ClCompile Include="..\External\vk-bootstrap\src\VkBootstrap.cpp">
      <Filter>External\vk-bootstrap</Filter>
    </ClCompile>
    <ClCompile Include="Graphics\Vulkan\DynamicDescriptorHeapVK.cpp">
      <Filter>Graphics\Vulkan</Filter>
    </ClCompile>
    <ClCompile Include="Graphics\Vulkan\DescriptorPoolVK.cpp">
      <Filter>Graphics\Vulkan</Filter>
    </ClCompile>
    <ClCompile Include="..\External\volk\volk.c">
      <Filter>External\volk</Filter>
    </ClCompile>
    <ClCompile Include="Core\Profiling.cpp">
      <Filter>Core</Filter>
    </ClCompile>
    <ClCompile Include="Graphics\DX12\ColorBuffer12.cpp">
      <Filter>Graphics\DX12</Filter>
    </ClCompile>
    <ClCompile Include="Graphics\DX12\Device12.cpp">
      <Filter>Graphics\DX12</Filter>
    </ClCompile>
    <ClCompile Include="Graphics\Vulkan\DeviceVK.cpp">
      <Filter>Graphics\Vulkan</Filter>
    </ClCompile>
    <ClCompile Include="Graphics\Vulkan\ColorBufferVK.cpp">
      <Filter>Graphics\Vulkan</Filter>
    </ClCompile>
    <ClCompile Include="Graphics\DX12\DepthBuffer12.cpp">
      <Filter>Graphics\DX12</Filter>
    </ClCompile>
    <ClCompile Include="Graphics\Vulkan\DepthBufferVK.cpp">
      <Filter>Graphics\Vulkan</Filter>
    </ClCompile>
    <ClCompile Include="Graphics\DX12\GpuBuffer12.cpp">
      <Filter>Graphics\DX12</Filter>
    </ClCompile>
    <ClCompile Include="Graphics\Vulkan\GpuBufferVK.cpp">
      <Filter>Graphics\Vulkan</Filter>
    </ClCompile>
    <ClCompile Include="Graphics\DX12\RootSignature12.cpp">
      <Filter>Graphics\DX12</Filter>
    </ClCompile>
    <ClCompile Include="Graphics\Vulkan\RootSignatureVK.cpp">
      <Filter>Graphics\Vulkan</Filter>
    </ClCompile>
    <ClCompile Include="Graphics\DX12\DescriptorSet12.cpp">
      <Filter>Graphics\DX12</Filter>
    </ClCompile>
    <ClCompile Include="Graphics\Vulkan\DescriptorSetVK.cpp">
      <Filter>Graphics\Vulkan</Filter>
    </ClCompile>
    <ClCompile Include="Graphics\Texture.cpp">
      <Filter>Graphics</Filter>
    </ClCompile>
    <ClCompile Include="Graphics\Loaders\DDSTextureLoader.cpp">
      <Filter>Graphics\Loaders</Filter>
    </ClCompile>
    <ClCompile Include="Graphics\Loaders\KTXTextureLoader.cpp">
      <Filter>Graphics\Loaders</Filter>
    </ClCompile>
    <ClCompile Include="Graphics\Loaders\STBTextureLoader.cpp">
      <Filter>Graphics\Loaders</Filter>
    </ClCompile>
    <ClCompile Include="Graphics\UIOverlay.cpp">
      <Filter>Graphics</Filter>
    </ClCompile>
    <ClCompile Include="..\External\imgui\backends\imgui_impl_dx12.cpp">
      <Filter>External\imgui\backends</Filter>
    </ClCompile>
    <ClCompile Include="..\External\imgui\backends\imgui_impl_glfw.cpp">
      <Filter>External\imgui\backends</Filter>
    </ClCompile>
    <ClCompile Include="..\External\imgui\backends\imgui_impl_vulkan.cpp">
      <Filter>External\imgui\backends</Filter>
    </ClCompile>
    <ClCompile Include="..\External\imgui\misc\cpp\imgui_stdlib.cpp">
      <Filter>External\imgui\misc</Filter>
    </ClCompile>
    <ClCompile Include="..\External\imgui\imgui.cpp">
      <Filter>External\imgui</Filter>
    </ClCompile>
    <ClCompile Include="..\External\imgui\imgui_demo.cpp">
      <Filter>External\imgui</Filter>
    </ClCompile>
    <ClCompile Include="..\External\imgui\imgui_draw.cpp">
      <Filter>External\imgui</Filter>
    </ClCompile>
    <ClCompile Include="..\External\imgui\imgui_tables.cpp">
      <Filter>External\imgui</Filter>
    </ClCompile>
    <ClCompile Include="..\External\imgui\imgui_widgets.cpp">
      <Filter>External\imgui</Filter>
    </ClCompile>
    <ClCompile Include="Graphics\Model.cpp">
      <Filter>Graphics</Filter>
    </ClCompile>
    <ClCompile Include="Graphics\Grid.cpp">
      <Filter>Graphics</Filter>
    </ClCompile>
    <ClCompile Include="Graphics\DX12\LinearAllocator12.cpp">
      <Filter>Graphics\DX12</Filter>
    </ClCompile>
    <ClCompile Include="Graphics\Vulkan\LinearAllocatorVK.cpp">
      <Filter>Graphics\Vulkan</Filter>
    </ClCompile>
    <ClCompile Include="..\External\FramePro\FramePro.cpp">
      <Filter>External\FramePro</Filter>
    </ClCompile>
    <ClCompile Include="Graphics\GpuBuffer.cpp">
      <Filter>Graphics</Filter>
    </ClCompile>
    <ClCompile Include="Graphics\DX12\Descriptor12.cpp">
      <Filter>Graphics\DX12</Filter>
    </ClCompile>
    <ClCompile Include="Graphics\Vulkan\DescriptorVK.cpp">
      <Filter>Graphics\Vulkan</Filter>
    </ClCompile>
    <ClCompile Include="Graphics\DX12\Texture12.cpp">
      <Filter>Graphics\DX12</Filter>
    </ClCompile>
    <ClCompile Include="Graphics\DX12\Sampler12.cpp">
      <Filter>Graphics\DX12</Filter>
    </ClCompile>
    <ClCompile Include="Graphics\DX12\PipelineStateUtil12.cpp">
      <Filter>Graphics\DX12</Filter>
    </ClCompile>
    <ClCompile Include="Graphics\DeviceCaps.cpp">
      <Filter>Graphics</Filter>
    </ClCompile>
    <ClCompile Include="Graphics\DX12\DeviceCaps12.cpp">
      <Filter>Graphics\DX12</Filter>
    </ClCompile>
    <ClCompile Include="Graphics\Vulkan\PipelineStateUtilVK.cpp">
      <Filter>Graphics\Vulkan</Filter>
    </ClCompile>
  </ItemGroup>
  <ItemGroup>
    <ClInclude Include="Application.h" />
    <ClInclude Include="FileSystem.h" />
    <ClInclude Include="LogSystem.h" />
    <ClInclude Include="Stdafx.h" />
    <ClInclude Include="Core\Math\BoundingBox.h">
      <Filter>Core\Math</Filter>
    </ClInclude>
    <ClInclude Include="Core\Math\BoundingPlane.h">
      <Filter>Core\Math</Filter>
    </ClInclude>
    <ClInclude Include="Core\Math\BoundingSphere.h">
      <Filter>Core\Math</Filter>
    </ClInclude>
    <ClInclude Include="Core\Math\CommonMath.h">
      <Filter>Core\Math</Filter>
    </ClInclude>
    <ClInclude Include="Core\Math\Frustum.h">
      <Filter>Core\Math</Filter>
    </ClInclude>
    <ClInclude Include="Core\Math\Matrix3.h">
      <Filter>Core\Math</Filter>
    </ClInclude>
    <ClInclude Include="Core\Math\Matrix4.h">
      <Filter>Core\Math</Filter>
    </ClInclude>
    <ClInclude Include="Core\Math\Quaternion.h">
      <Filter>Core\Math</Filter>
    </ClInclude>
    <ClInclude Include="Core\Math\Random.h">
      <Filter>Core\Math</Filter>
    </ClInclude>
    <ClInclude Include="Core\Math\Scalar.h">
      <Filter>Core\Math</Filter>
    </ClInclude>
    <ClInclude Include="Core\Math\Transform.h">
      <Filter>Core\Math</Filter>
    </ClInclude>
    <ClInclude Include="Core\Math\Vector.h">
      <Filter>Core\Math</Filter>
    </ClInclude>
    <ClInclude Include="Core\BitmaskEnum.h">
      <Filter>Core</Filter>
    </ClInclude>
    <ClInclude Include="Core\Color.h">
      <Filter>Core</Filter>
    </ClInclude>
    <ClInclude Include="Core\Containers.h">
      <Filter>Core</Filter>
    </ClInclude>
    <ClInclude Include="Core\DWParam.h">
      <Filter>Core</Filter>
    </ClInclude>
    <ClInclude Include="Core\Hash.h">
      <Filter>Core</Filter>
    </ClInclude>
    <ClInclude Include="Core\NativeObjectPtr.h">
      <Filter>Core</Filter>
    </ClInclude>
    <ClInclude Include="Core\NonCopyable.h">
      <Filter>Core</Filter>
    </ClInclude>
    <ClInclude Include="Core\NonMovable.h">
      <Filter>Core</Filter>
    </ClInclude>
    <ClInclude Include="Core\Utility.h">
      <Filter>Core</Filter>
    </ClInclude>
    <ClInclude Include="Core\VectorMath.h">
      <Filter>Core</Filter>
    </ClInclude>
    <ClInclude Include="Core\CoreEnums.h">
      <Filter>Core</Filter>
    </ClInclude>
    <ClInclude Include="InputSystem.h" />
    <ClInclude Include="Graphics\DeviceManager.h">
      <Filter>Graphics</Filter>
    </ClInclude>
    <ClInclude Include="Graphics\DX12\DeviceManager12.h">
      <Filter>Graphics\DX12</Filter>
    </ClInclude>
    <ClInclude Include="Graphics\Vulkan\DeviceManagerVK.h">
      <Filter>Graphics\Vulkan</Filter>
    </ClInclude>
    <ClInclude Include="Graphics\GraphicsCommon.h">
      <Filter>Graphics</Filter>
    </ClInclude>
    <ClInclude Include="Graphics\Enums.h">
      <Filter>Graphics</Filter>
    </ClInclude>
    <ClInclude Include="Graphics\Formats.h">
      <Filter>Graphics</Filter>
    </ClInclude>
    <ClInclude Include="Graphics\DX12\DirectXCommon.h">
      <Filter>Graphics\DX12</Filter>
    </ClInclude>
    <ClInclude Include="Graphics\DX12\Formats12.h">
      <Filter>Graphics\DX12</Filter>
    </ClInclude>
    <ClInclude Include="Core\FlagStringMap.h">
      <Filter>Core</Filter>
    </ClInclude>
    <ClInclude Include="Graphics\DX12\Flags12.h">
      <Filter>Graphics\DX12</Filter>
    </ClInclude>
    <ClInclude Include="Graphics\DX12\Enums12.h">
      <Filter>Graphics\DX12</Filter>
    </ClInclude>
    <ClInclude Include="Graphics\DX12\Strings12.h">
      <Filter>Graphics\DX12</Filter>
    </ClInclude>
    <ClInclude Include="Graphics\DX12\Queue12.h">
      <Filter>Graphics\DX12</Filter>
    </ClInclude>
    <ClInclude Include="Graphics\DX12\CommandAllocatorPool12.h">
      <Filter>Graphics\DX12</Filter>
    </ClInclude>
    <ClInclude Include="Graphics\DX12\DescriptorAllocator12.h">
      <Filter>Graphics\DX12</Filter>
    </ClInclude>
    <ClInclude Include="Graphics\PixelBuffer.h">
      <Filter>Graphics</Filter>
    </ClInclude>
    <ClInclude Include="Graphics\ColorBuffer.h">
      <Filter>Graphics</Filter>
    </ClInclude>
    <ClInclude Include="Graphics\DepthBuffer.h">
      <Filter>Graphics</Filter>
    </ClInclude>
    <ClInclude Include="Graphics\CommandContext.h">
      <Filter>Graphics</Filter>
    </ClInclude>
    <ClInclude Include="Graphics\DX12\CommandContext12.h">
      <Filter>Graphics\DX12</Filter>
    </ClInclude>
    <ClInclude Include="StepTimer.h" />
    <ClInclude Include="Graphics\Vulkan\VulkanCommon.h">
      <Filter>Graphics\Vulkan</Filter>
    </ClInclude>
    <ClInclude Include="Graphics\Vulkan\EnumsVK.h">
      <Filter>Graphics\Vulkan</Filter>
    </ClInclude>
    <ClInclude Include="Graphics\Vulkan\FormatsVK.h">
      <Filter>Graphics\Vulkan</Filter>
    </ClInclude>
    <ClInclude Include="Graphics\Vulkan\RefCountingImplVK.h">
      <Filter>Graphics\Vulkan</Filter>
    </ClInclude>
    <ClInclude Include="Graphics\Vulkan\StringsVK.h">
      <Filter>Graphics\Vulkan</Filter>
    </ClInclude>
    <ClInclude Include="Graphics\Vulkan\FlagsVK.h">
      <Filter>Graphics\Vulkan</Filter>
    </ClInclude>
    <ClInclude Include="Graphics\Vulkan\VersionVK.h">
      <Filter>Graphics\Vulkan</Filter>
    </ClInclude>
    <ClInclude Include="Graphics\Vulkan\CommandBufferPoolVK.h">
      <Filter>Graphics\Vulkan</Filter>
    </ClInclude>
    <ClInclude Include="Graphics\Vulkan\QueueVK.h">
      <Filter>Graphics\Vulkan</Filter>
    </ClInclude>
    <ClInclude Include="Core\RefCounted.h">
      <Filter>Core</Filter>
    </ClInclude>
    <ClInclude Include="Graphics\Vulkan\CommandContextVK.h">
      <Filter>Graphics\Vulkan</Filter>
    </ClInclude>
    <ClInclude Include="Graphics\GpuResource.h">
      <Filter>Graphics</Filter>
    </ClInclude>
    <ClInclude Include="Graphics\GpuBuffer.h">
      <Filter>Graphics</Filter>
    </ClInclude>
    <ClInclude Include="..\External\D3D12MemoryAllocator\include\D3D12MemAlloc.h">
      <Filter>External\D3D12MemoryAllocator</Filter>
    </ClInclude>
    <ClInclude Include="Graphics\RootSignature.h">
      <Filter>Graphics</Filter>
    </ClInclude>
    <ClInclude Include="Graphics\PipelineState.h">
      <Filter>Graphics</Filter>
    </ClInclude>
    <ClInclude Include="Graphics\InputLayout.h">
      <Filter>Graphics</Filter>
    </ClInclude>
    <ClInclude Include="BinaryReader.h" />
    <ClInclude Include="Graphics\Shader.h">
      <Filter>Graphics</Filter>
    </ClInclude>
    <ClInclude Include="Graphics\DX12\Shader12.h">
      <Filter>Graphics\DX12</Filter>
    </ClInclude>
    <ClInclude Include="Graphics\CommonStates.h">
      <Filter>Graphics</Filter>
    </ClInclude>
    <ClInclude Include="Graphics\DescriptorSet.h">
      <Filter>Graphics</Filter>
    </ClInclude>
    <ClInclude Include="Graphics\Vulkan\DescriptorAllocatorVK.h">
      <Filter>Graphics\Vulkan</Filter>
    </ClInclude>
    <ClInclude Include="Graphics\ResourceSet.h">
      <Filter>Graphics</Filter>
    </ClInclude>
    <ClInclude Include="Graphics\Camera.h">
      <Filter>Graphics</Filter>
    </ClInclude>
    <ClInclude Include="CameraController.h" />
    <ClInclude Include="Graphics\Vulkan\VulkanUtil.h">
      <Filter>Graphics\Vulkan</Filter>
    </ClInclude>
    <ClInclude Include="Graphics\DX12\DynamicDescriptorHeap12.h">
      <Filter>Graphics\DX12</Filter>
    </ClInclude>
    <ClInclude Include="..\External\vk-bootstrap\src\VkBootstrapDispatch.h">
      <Filter>External\vk-bootstrap</Filter>
    </ClInclude>
    <ClInclude Include="..\External\vk-bootstrap\src\VkBootstrap.h">
      <Filter>External\vk-bootstrap</Filter>
    </ClInclude>
    <ClInclude Include="Graphics\Vulkan\DynamicDescriptorHeapVK.h">
      <Filter>Graphics\Vulkan</Filter>
    </ClInclude>
    <ClInclude Include="Graphics\Vulkan\DescriptorPoolVK.h">
      <Filter>Graphics\Vulkan</Filter>
    </ClInclude>
    <ClInclude Include="Graphics\Vulkan\HashVK.h">
      <Filter>Graphics\Vulkan</Filter>
    </ClInclude>
    <ClInclude Include="..\External\volk\volk.h">
      <Filter>External\volk</Filter>
    </ClInclude>
    <ClInclude Include="Core\Profiling.h">
      <Filter>Core</Filter>
    </ClInclude>
    <ClInclude Include="Graphics\Vulkan\VulkanApi.h">
      <Filter>Graphics\Vulkan</Filter>
    </ClInclude>
    <ClInclude Include="Graphics\Resource.h">
      <Filter>Graphics</Filter>
    </ClInclude>
    <ClInclude Include="Graphics\DX12\ColorBuffer12.h">
      <Filter>Graphics\DX12</Filter>
    </ClInclude>
    <ClInclude Include="Graphics\DX12\Device12.h">
      <Filter>Graphics\DX12</Filter>
    </ClInclude>
    <ClInclude Include="Graphics\Device.h">
      <Filter>Graphics</Filter>
    </ClInclude>
    <ClInclude Include="Graphics\Vulkan\DeviceVK.h">
      <Filter>Graphics\Vulkan</Filter>
    </ClInclude>
    <ClInclude Include="Graphics\Vulkan\ColorBufferVK.h">
      <Filter>Graphics\Vulkan</Filter>
    </ClInclude>
    <ClInclude Include="Graphics\DX12\DepthBuffer12.h">
      <Filter>Graphics\DX12</Filter>
    </ClInclude>
    <ClInclude Include="Graphics\Vulkan\DepthBufferVK.h">
      <Filter>Graphics\Vulkan</Filter>
    </ClInclude>
    <ClInclude Include="Graphics\DX12\GpuBuffer12.h">
      <Filter>Graphics\DX12</Filter>
    </ClInclude>
    <ClInclude Include="Graphics\Vulkan\GpuBufferVK.h">
      <Filter>Graphics\Vulkan</Filter>
    </ClInclude>
    <ClInclude Include="Graphics\DX12\RootSignature12.h">
      <Filter>Graphics\DX12</Filter>
    </ClInclude>
    <ClInclude Include="Graphics\Vulkan\RootSignatureVK.h">
      <Filter>Graphics\Vulkan</Filter>
    </ClInclude>
    <ClInclude Include="Graphics\DX12\PipelineState12.h">
      <Filter>Graphics\DX12</Filter>
    </ClInclude>
    <ClInclude Include="Graphics\Vulkan\PipelineStateVK.h">
      <Filter>Graphics\Vulkan</Filter>
    </ClInclude>
    <ClInclude Include="Graphics\DX12\DescriptorSet12.h">
      <Filter>Graphics\DX12</Filter>
    </ClInclude>
    <ClInclude Include="Graphics\Vulkan\DescriptorSetVK.h">
      <Filter>Graphics\Vulkan</Filter>
    </ClInclude>
    <ClInclude Include="Graphics\Texture.h">
      <Filter>Graphics</Filter>
    </ClInclude>
    <ClInclude Include="Graphics\Loaders\DDSTextureLoader.h">
      <Filter>Graphics\Loaders</Filter>
    </ClInclude>
    <ClInclude Include="Graphics\Loaders\KTXTextureLoader.h">
      <Filter>Graphics\Loaders</Filter>
    </ClInclude>
    <ClInclude Include="Graphics\Loaders\STBTextureLoader.h">
      <Filter>Graphics\Loaders</Filter>
    </ClInclude>
    <ClInclude Include="Graphics\Loaders\dds.h">
      <Filter>Graphics\Loaders</Filter>
    </ClInclude>
    <ClInclude Include="Graphics\DX12\Texture12.h">
      <Filter>Graphics\DX12</Filter>
    </ClInclude>
    <ClInclude Include="Graphics\Vulkan\TextureVK.h">
      <Filter>Graphics\Vulkan</Filter>
    </ClInclude>
    <ClInclude Include="Graphics\Sampler.h">
      <Filter>Graphics</Filter>
    </ClInclude>
    <ClInclude Include="Graphics\DX12\Sampler12.h">
      <Filter>Graphics\DX12</Filter>
    </ClInclude>
    <ClInclude Include="Graphics\Vulkan\SamplerVK.h">
      <Filter>Graphics\Vulkan</Filter>
    </ClInclude>
    <ClInclude Include="Graphics\UIOverlay.h">
      <Filter>Graphics</Filter>
    </ClInclude>
    <ClInclude Include="..\External\imgui\imgui.h">
      <Filter>External\imgui</Filter>
    </ClInclude>
    <ClInclude Include="..\External\imgui\backends\imgui_impl_dx12.h">
      <Filter>External\imgui\backends</Filter>
    </ClInclude>
    <ClInclude Include="..\External\imgui\backends\imgui_impl_glfw.h">
      <Filter>External\imgui\backends</Filter>
    </ClInclude>
    <ClInclude Include="..\External\imgui\backends\imgui_impl_vulkan.h">
      <Filter>External\imgui\backends</Filter>
    </ClInclude>
    <ClInclude Include="..\External\imgui\misc\cpp\imgui_stdlib.h">
      <Filter>External\imgui\misc</Filter>
    </ClInclude>
    <ClInclude Include="..\External\imgui\imconfig.h">
      <Filter>External\imgui</Filter>
    </ClInclude>
    <ClInclude Include="..\External\imgui\imgui_internal.h">
      <Filter>External\imgui</Filter>
    </ClInclude>
    <ClInclude Include="..\External\imgui\imstb_rectpack.h">
      <Filter>External\imgui</Filter>
    </ClInclude>
    <ClInclude Include="..\External\imgui\imstb_textedit.h">
      <Filter>External\imgui</Filter>
    </ClInclude>
    <ClInclude Include="..\External\imgui\imstb_truetype.h">
      <Filter>External\imgui</Filter>
    </ClInclude>
    <ClInclude Include="Graphics\Model.h">
      <Filter>Graphics</Filter>
    </ClInclude>
    <ClInclude Include="Graphics\Vulkan\SemaphoreVK.h">
      <Filter>Graphics\Vulkan</Filter>
    </ClInclude>
    <ClInclude Include="Graphics\QueryHeap.h">
      <Filter>Graphics</Filter>
    </ClInclude>
    <ClInclude Include="Graphics\DX12\QueryHeap12.h">
      <Filter>Graphics\DX12</Filter>
    </ClInclude>
    <ClInclude Include="Graphics\Vulkan\QueryHeapVK.h">
      <Filter>Graphics\Vulkan</Filter>
    </ClInclude>
    <ClInclude Include="Graphics\Grid.h">
      <Filter>Graphics</Filter>
    </ClInclude>
    <ClInclude Include="LunaFramePro.h" />
    <ClInclude Include="Graphics\DX12\LinearAllocator12.h">
      <Filter>Graphics\DX12</Filter>
    </ClInclude>
    <ClInclude Include="Graphics\Vulkan\LinearAllocatorVK.h">
      <Filter>Graphics\Vulkan</Filter>
    </ClInclude>
    <ClInclude Include="..\External\FramePro\FramePro.h">
      <Filter>External\FramePro</Filter>
    </ClInclude>
    <ClInclude Include="Graphics\Descriptor.h">
      <Filter>Graphics</Filter>
    </ClInclude>
    <ClInclude Include="Graphics\DX12\Descriptor12.h">
      <Filter>Graphics\DX12</Filter>
    </ClInclude>
    <ClInclude Include="Graphics\Vulkan\DescriptorVK.h">
      <Filter>Graphics\Vulkan</Filter>
    </ClInclude>
    <ClInclude Include="Graphics\DX12\PipelineStateUtil12.h">
      <Filter>Graphics\DX12</Filter>
    </ClInclude>
    <ClInclude Include="Graphics\DeviceCaps.h">
      <Filter>Graphics</Filter>
    </ClInclude>
    <ClInclude Include="Graphics\DX12\DeviceCaps12.h">
      <Filter>Graphics\DX12</Filter>
    </ClInclude>
    <ClInclude Include="Graphics\Vulkan\PipelineStateUtilVK.h">
      <Filter>Graphics\Vulkan</Filter>
    </ClInclude>
  </ItemGroup>
  <ItemGroup>
    <Filter Include="Core">
      <UniqueIdentifier>{6329aded-edc7-4494-a88d-73cb7ef493d9}</UniqueIdentifier>
    </Filter>
    <Filter Include="Core\Math">
      <UniqueIdentifier>{df2292ed-b3b7-4261-bf5d-cfc5540b4081}</UniqueIdentifier>
    </Filter>
    <Filter Include="Graphics">
      <UniqueIdentifier>{45e3e9e6-1acc-4a27-84e3-ed584659d31d}</UniqueIdentifier>
    </Filter>
    <Filter Include="Graphics\DX12">
      <UniqueIdentifier>{3f489807-3baa-49a1-8754-1a01e4f75c9b}</UniqueIdentifier>
    </Filter>
    <Filter Include="Graphics\Vulkan">
      <UniqueIdentifier>{a3efc24f-f74a-4a3d-b0ee-2236e1dae3ef}</UniqueIdentifier>
    </Filter>
    <Filter Include="External">
      <UniqueIdentifier>{292eff18-e6b3-4d0b-b58a-dfeea620a2fa}</UniqueIdentifier>
    </Filter>
    <Filter Include="External\D3D12MemoryAllocator">
      <UniqueIdentifier>{59823768-1df6-473b-92a4-bf53b64cf05b}</UniqueIdentifier>
    </Filter>
    <Filter Include="External\vk-bootstrap">
      <UniqueIdentifier>{06149bfa-c211-4463-bb4a-52bf5cc8fab2}</UniqueIdentifier>
    </Filter>
    <Filter Include="External\volk">
      <UniqueIdentifier>{a92d6ce0-eb31-48a6-8c92-4697353a93f4}</UniqueIdentifier>
    </Filter>
    <Filter Include="Graphics\Shaders">
      <UniqueIdentifier>{7c537d5b-1c16-423d-9c65-8cd97eb4e865}</UniqueIdentifier>
    </Filter>
    <Filter Include="Graphics\Loaders">
      <UniqueIdentifier>{767998e0-58e2-4189-ac3d-fd272850b2ee}</UniqueIdentifier>
    </Filter>
    <Filter Include="External\imgui">
      <UniqueIdentifier>{a1b5cbda-4177-45e2-9b8a-f735d56873e0}</UniqueIdentifier>
    </Filter>
    <Filter Include="External\imgui\backends">
      <UniqueIdentifier>{e2b457ab-45d1-493a-a499-8bdda845a9d0}</UniqueIdentifier>
    </Filter>
    <Filter Include="External\imgui\misc">
      <UniqueIdentifier>{b6f615ff-07e5-4362-a334-00921dbb0734}</UniqueIdentifier>
    </Filter>
    <Filter Include="External\FramePro">
      <UniqueIdentifier>{25bbef98-7975-4ed9-b196-ea73d75ed1d0}</UniqueIdentifier>
    </Filter>
  </ItemGroup>
  <ItemGroup>
    <None Include="Core\Math\Functions.inl">
      <Filter>Core\Math</Filter>
    </None>
    <None Include="packages.config" />
    <None Include="Graphics\Shaders\Common\Common.hlsli">
      <Filter>Graphics\Shaders</Filter>
    </None>
    <None Include="Graphics\Shaders\UIPS.hlsl">
      <Filter>Graphics\Shaders</Filter>
    </None>
    <None Include="Graphics\Shaders\UIVS.hlsl">
      <Filter>Graphics\Shaders</Filter>
    </None>
    <None Include="Graphics\Shaders\GridVS.hlsl">
      <Filter>Graphics\Shaders</Filter>
    </None>
    <None Include="Graphics\Shaders\GridPS.hlsl">
      <Filter>Graphics\Shaders</Filter>
    </None>
    <None Include="Graphics\Shaders\shaders.cfg">
      <Filter>Graphics\Shaders</Filter>
    </None>
  </ItemGroup>
  <ItemGroup>
    <Natvis Include="$(MSBuildThisFileDirectory)..\..\natvis\wil.natvis" />
    <Natvis Include="$(MSBuildThisFileDirectory)..\..\natvis\wil.natstepfilter" />
  </ItemGroup>
</Project>