<?xml version="1.0" encoding="utf-8"?>
<Project ToolsVersion="4.0" xmlns="http://schemas.microsoft.com/developer/msbuild/2003">
  <ItemGroup>
    <ClCompile Include="Application.cpp" />
    <ClCompile Include="FileSystem.cpp" />
    <ClCompile Include="LogSystem.cpp" />
    <ClCompile Include="Stdafx.cpp" />
    <ClCompile Include="Core\Math\BoundingBox.cpp">
      <Filter>Core\Math</Filter>
    </ClCompile>
    <ClCompile Include="Core\Math\Frustum.cpp">
      <Filter>Core\Math</Filter>
    </ClCompile>
    <ClCompile Include="Core\Math\Random.cpp">
      <Filter>Core\Math</Filter>
    </ClCompile>
    <ClCompile Include="Core\Color.cpp">
      <Filter>Core</Filter>
    </ClCompile>
    <ClCompile Include="Core\Hash.cpp">
      <Filter>Core</Filter>
    </ClCompile>
    <ClCompile Include="Core\Utility.cpp">
      <Filter>Core</Filter>
    </ClCompile>
    <ClCompile Include="InputSystem.cpp" />
    <ClCompile Include="Graphics\DX12\DeviceManager12.cpp">
      <Filter>Graphics\DX12</Filter>
    </ClCompile>
    <ClCompile Include="Graphics\Vulkan\DeviceManagerVK.cpp">
      <Filter>Graphics\Vulkan</Filter>
    </ClCompile>
    <ClCompile Include="Graphics\GraphicsCommon.cpp">
      <Filter>Graphics</Filter>
    </ClCompile>
    <ClCompile Include="Graphics\Formats.cpp">
      <Filter>Graphics</Filter>
    </ClCompile>
    <ClCompile Include="Graphics\DX12\DirectXCommon.cpp">
      <Filter>Graphics\DX12</Filter>
    </ClCompile>
    <ClCompile Include="Graphics\DX12\DeviceCaps12.cpp">
      <Filter>Graphics\DX12</Filter>
    </ClCompile>
    <ClCompile Include="Graphics\DX12\Formats12.cpp">
      <Filter>Graphics\DX12</Filter>
    </ClCompile>
    <ClCompile Include="Core\FlagStringMap.cpp">
      <Filter>Core</Filter>
    </ClCompile>
    <ClCompile Include="Graphics\DX12\Enums12.cpp">
      <Filter>Graphics\DX12</Filter>
    </ClCompile>
    <ClCompile Include="Graphics\DX12\Device12.cpp">
      <Filter>Graphics\DX12</Filter>
    </ClCompile>
    <ClCompile Include="Graphics\DX12\Queue12.cpp">
      <Filter>Graphics\DX12</Filter>
    </ClCompile>
    <ClCompile Include="Graphics\DX12\CommandAllocatorPool12.cpp">
      <Filter>Graphics\DX12</Filter>
    </ClCompile>
    <ClCompile Include="Graphics\DX12\DescriptorAllocator12.cpp">
      <Filter>Graphics\DX12</Filter>
    </ClCompile>
    <ClCompile Include="Graphics\DX12\ColorBuffer12.cpp">
      <Filter>Graphics\DX12</Filter>
    </ClCompile>
    <ClCompile Include="Graphics\DX12\DepthBuffer12.cpp">
      <Filter>Graphics\DX12</Filter>
    </ClCompile>
    <ClCompile Include="Graphics\CommandContext.cpp">
      <Filter>Graphics</Filter>
    </ClCompile>
    <ClCompile Include="Graphics\DX12\CommandContext12.cpp">
      <Filter>Graphics\DX12</Filter>
    </ClCompile>
    <ClCompile Include="Graphics\Vulkan\VulkanCommon.cpp">
      <Filter>Graphics\Vulkan</Filter>
    </ClCompile>
    <ClCompile Include="Graphics\Vulkan\EnumsVK.cpp">
      <Filter>Graphics\Vulkan</Filter>
    </ClCompile>
    <ClCompile Include="Graphics\Vulkan\FormatsVK.cpp">
      <Filter>Graphics\Vulkan</Filter>
    </ClCompile>
    <ClCompile Include="Graphics\Vulkan\RefCountingImplVK.cpp">
      <Filter>Graphics\Vulkan</Filter>
    </ClCompile>
    <ClCompile Include="Graphics\Vulkan\ExtensionManagerVK.cpp">
      <Filter>Graphics\Vulkan</Filter>
    </ClCompile>
    <ClCompile Include="Graphics\Vulkan\VersionVK.cpp">
      <Filter>Graphics\Vulkan</Filter>
    </ClCompile>
    <ClCompile Include="Graphics\Vulkan\DeviceCapsVK.cpp">
      <Filter>Graphics\Vulkan</Filter>
    </ClCompile>
    <ClCompile Include="Graphics\Vulkan\DeviceVK.cpp">
      <Filter>Graphics\Vulkan</Filter>
    </ClCompile>
    <ClCompile Include="Graphics\Vulkan\CommandBufferPoolVK.cpp">
      <Filter>Graphics\Vulkan</Filter>
    </ClCompile>
    <ClCompile Include="Graphics\Vulkan\QueueVK.cpp">
      <Filter>Graphics\Vulkan</Filter>
    </ClCompile>
    <ClCompile Include="Graphics\Vulkan\ColorBufferVK.cpp">
      <Filter>Graphics\Vulkan</Filter>
    </ClCompile>
    <ClCompile Include="Graphics\Vulkan\DepthBufferVK.cpp">
      <Filter>Graphics\Vulkan</Filter>
    </ClCompile>
    <ClCompile Include="Graphics\Vulkan\CommandContextVK.cpp">
      <Filter>Graphics\Vulkan</Filter>
    </ClCompile>
    <ClCompile Include="Graphics\DX12\GpuBuffer12.cpp">
      <Filter>Graphics\DX12</Filter>
    </ClCompile>
    <ClCompile Include="Graphics\Vulkan\GpuBufferVK.cpp">
      <Filter>Graphics\Vulkan</Filter>
    </ClCompile>
    <ClCompile Include="Graphics\DX12\LinearAllocator12.cpp">
      <Filter>Graphics\DX12</Filter>
    </ClCompile>
    <ClCompile Include="..\External\D3D12MemoryAllocator\src\D3D12MemAlloc.cpp">
      <Filter>External\D3D12MemoryAllocator</Filter>
    </ClCompile>
    <ClCompile Include="Graphics\InputLayout.cpp">
      <Filter>Graphics</Filter>
    </ClCompile>
    <ClCompile Include="BinaryReader.cpp" />
    <ClCompile Include="Graphics\Shader.cpp">
      <Filter>Graphics</Filter>
    </ClCompile>
    <ClCompile Include="Graphics\DX12\Shader12.cpp">
      <Filter>Graphics\DX12</Filter>
    </ClCompile>
    <ClCompile Include="Graphics\CommonStates.cpp">
      <Filter>Graphics</Filter>
    </ClCompile>
    <ClCompile Include="Graphics\Vulkan\DescriptorAllocatorVK.cpp">
      <Filter>Graphics\Vulkan</Filter>
    </ClCompile>
    <ClCompile Include="Graphics\Camera.cpp">
      <Filter>Graphics</Filter>
    </ClCompile>
    <ClCompile Include="CameraController.cpp" />
    <ClCompile Include="Graphics\PipelineState.cpp">
      <Filter>Graphics</Filter>
    </ClCompile>
    <ClCompile Include="Graphics\DescriptorSet.cpp">
      <Filter>Graphics</Filter>
    </ClCompile>
    <ClCompile Include="Graphics\DX12\DescriptorSetPool12.cpp">
      <Filter>Graphics\DX12</Filter>
    </ClCompile>
    <ClCompile Include="Graphics\DX12\PipelineStatePool12.cpp">
      <Filter>Graphics\DX12</Filter>
    </ClCompile>
    <ClCompile Include="Graphics\DX12\RootSignaturePool12.cpp">
      <Filter>Graphics\DX12</Filter>
    </ClCompile>
    <ClCompile Include="Graphics\RootSignature.cpp">
      <Filter>Graphics</Filter>
    </ClCompile>
    <ClCompile Include="Graphics\Vulkan\RootSignaturePoolVK.cpp">
      <Filter>Graphics\Vulkan</Filter>
    </ClCompile>
    <ClCompile Include="Graphics\Vulkan\PipelineStatePoolVK.cpp">
      <Filter>Graphics\Vulkan</Filter>
    </ClCompile>
    <ClCompile Include="Graphics\Vulkan\DescriptorSetPoolVK.cpp">
      <Filter>Graphics\Vulkan</Filter>
    </ClCompile>
    <ClCompile Include="Graphics\ResourceSet.cpp">
      <Filter>Graphics</Filter>
    </ClCompile>
  </ItemGroup>
  <ItemGroup>
    <ClInclude Include="Application.h" />
    <ClInclude Include="FileSystem.h" />
    <ClInclude Include="LogSystem.h" />
    <ClInclude Include="Stdafx.h" />
    <ClInclude Include="Core\Math\BoundingBox.h">
      <Filter>Core\Math</Filter>
    </ClInclude>
    <ClInclude Include="Core\Math\BoundingPlane.h">
      <Filter>Core\Math</Filter>
    </ClInclude>
    <ClInclude Include="Core\Math\BoundingSphere.h">
      <Filter>Core\Math</Filter>
    </ClInclude>
    <ClInclude Include="Core\Math\CommonMath.h">
      <Filter>Core\Math</Filter>
    </ClInclude>
    <ClInclude Include="Core\Math\Frustum.h">
      <Filter>Core\Math</Filter>
    </ClInclude>
    <ClInclude Include="Core\Math\Matrix3.h">
      <Filter>Core\Math</Filter>
    </ClInclude>
    <ClInclude Include="Core\Math\Matrix4.h">
      <Filter>Core\Math</Filter>
    </ClInclude>
    <ClInclude Include="Core\Math\Quaternion.h">
      <Filter>Core\Math</Filter>
    </ClInclude>
    <ClInclude Include="Core\Math\Random.h">
      <Filter>Core\Math</Filter>
    </ClInclude>
    <ClInclude Include="Core\Math\Scalar.h">
      <Filter>Core\Math</Filter>
    </ClInclude>
    <ClInclude Include="Core\Math\Transform.h">
      <Filter>Core\Math</Filter>
    </ClInclude>
    <ClInclude Include="Core\Math\Vector.h">
      <Filter>Core\Math</Filter>
    </ClInclude>
    <ClInclude Include="Core\BitmaskEnum.h">
      <Filter>Core</Filter>
    </ClInclude>
    <ClInclude Include="Core\Color.h">
      <Filter>Core</Filter>
    </ClInclude>
    <ClInclude Include="Core\Containers.h">
      <Filter>Core</Filter>
    </ClInclude>
    <ClInclude Include="Core\DWParam.h">
      <Filter>Core</Filter>
    </ClInclude>
    <ClInclude Include="Core\Hash.h">
      <Filter>Core</Filter>
    </ClInclude>
    <ClInclude Include="Core\NativeObjectPtr.h">
      <Filter>Core</Filter>
    </ClInclude>
    <ClInclude Include="Core\NonCopyable.h">
      <Filter>Core</Filter>
    </ClInclude>
    <ClInclude Include="Core\NonMovable.h">
      <Filter>Core</Filter>
    </ClInclude>
    <ClInclude Include="Core\Utility.h">
      <Filter>Core</Filter>
    </ClInclude>
    <ClInclude Include="Core\VectorMath.h">
      <Filter>Core</Filter>
    </ClInclude>
    <ClInclude Include="Core\CoreEnums.h">
      <Filter>Core</Filter>
    </ClInclude>
    <ClInclude Include="InputSystem.h" />
    <ClInclude Include="Graphics\DeviceManager.h">
      <Filter>Graphics</Filter>
    </ClInclude>
    <ClInclude Include="Graphics\DX12\DeviceManager12.h">
      <Filter>Graphics\DX12</Filter>
    </ClInclude>
    <ClInclude Include="Graphics\Vulkan\DeviceManagerVK.h">
      <Filter>Graphics\Vulkan</Filter>
    </ClInclude>
    <ClInclude Include="Graphics\GraphicsCommon.h">
      <Filter>Graphics</Filter>
    </ClInclude>
    <ClInclude Include="Graphics\Enums.h">
      <Filter>Graphics</Filter>
    </ClInclude>
    <ClInclude Include="Graphics\Formats.h">
      <Filter>Graphics</Filter>
    </ClInclude>
    <ClInclude Include="Graphics\DX12\DirectXCommon.h">
      <Filter>Graphics\DX12</Filter>
    </ClInclude>
    <ClInclude Include="Graphics\DX12\DeviceCaps12.h">
      <Filter>Graphics\DX12</Filter>
    </ClInclude>
    <ClInclude Include="Graphics\DX12\Formats12.h">
      <Filter>Graphics\DX12</Filter>
    </ClInclude>
    <ClInclude Include="Core\FlagStringMap.h">
      <Filter>Core</Filter>
    </ClInclude>
    <ClInclude Include="Graphics\DX12\Flags12.h">
      <Filter>Graphics\DX12</Filter>
    </ClInclude>
    <ClInclude Include="Graphics\DX12\Enums12.h">
      <Filter>Graphics\DX12</Filter>
    </ClInclude>
    <ClInclude Include="Graphics\DX12\Strings12.h">
      <Filter>Graphics\DX12</Filter>
    </ClInclude>
    <ClInclude Include="Graphics\GraphicsDevice.h">
      <Filter>Graphics</Filter>
    </ClInclude>
    <ClInclude Include="Graphics\DX12\Device12.h">
      <Filter>Graphics\DX12</Filter>
    </ClInclude>
    <ClInclude Include="Graphics\DX12\Queue12.h">
      <Filter>Graphics\DX12</Filter>
    </ClInclude>
    <ClInclude Include="Graphics\DX12\CommandAllocatorPool12.h">
      <Filter>Graphics\DX12</Filter>
    </ClInclude>
    <ClInclude Include="Graphics\DX12\DescriptorAllocator12.h">
      <Filter>Graphics\DX12</Filter>
    </ClInclude>
    <ClInclude Include="Graphics\PixelBuffer.h">
      <Filter>Graphics</Filter>
    </ClInclude>
    <ClInclude Include="Graphics\ColorBuffer.h">
      <Filter>Graphics</Filter>
    </ClInclude>
    <ClInclude Include="Graphics\DX12\ColorBuffer12.h">
      <Filter>Graphics\DX12</Filter>
    </ClInclude>
    <ClInclude Include="Graphics\DX12\DepthBuffer12.h">
      <Filter>Graphics\DX12</Filter>
    </ClInclude>
    <ClInclude Include="Graphics\DepthBuffer.h">
      <Filter>Graphics</Filter>
    </ClInclude>
    <ClInclude Include="Graphics\CommandContext.h">
      <Filter>Graphics</Filter>
    </ClInclude>
    <ClInclude Include="Graphics\DX12\CommandContext12.h">
      <Filter>Graphics\DX12</Filter>
    </ClInclude>
    <ClInclude Include="StepTimer.h" />
    <ClInclude Include="Graphics\Vulkan\VulkanCommon.h">
      <Filter>Graphics\Vulkan</Filter>
    </ClInclude>
    <ClInclude Include="Graphics\Vulkan\EnumsVK.h">
      <Filter>Graphics\Vulkan</Filter>
    </ClInclude>
    <ClInclude Include="Graphics\Vulkan\FormatsVK.h">
      <Filter>Graphics\Vulkan</Filter>
    </ClInclude>
    <ClInclude Include="Graphics\Vulkan\RefCountingImplVK.h">
      <Filter>Graphics\Vulkan</Filter>
    </ClInclude>
    <ClInclude Include="Graphics\Vulkan\StringsVK.h">
      <Filter>Graphics\Vulkan</Filter>
    </ClInclude>
    <ClInclude Include="Graphics\Vulkan\FlagsVK.h">
      <Filter>Graphics\Vulkan</Filter>
    </ClInclude>
    <ClInclude Include="Graphics\Vulkan\VersionVK.h">
      <Filter>Graphics\Vulkan</Filter>
    </ClInclude>
    <ClInclude Include="Graphics\Vulkan\ExtensionManagerVK.h">
      <Filter>Graphics\Vulkan</Filter>
    </ClInclude>
    <ClInclude Include="Graphics\Vulkan\DeviceCapsVK.h">
      <Filter>Graphics\Vulkan</Filter>
    </ClInclude>
    <ClInclude Include="Graphics\Vulkan\DeviceVK.h">
      <Filter>Graphics\Vulkan</Filter>
    </ClInclude>
    <ClInclude Include="Graphics\Vulkan\CommandBufferPoolVK.h">
      <Filter>Graphics\Vulkan</Filter>
    </ClInclude>
    <ClInclude Include="Graphics\Vulkan\QueueVK.h">
      <Filter>Graphics\Vulkan</Filter>
    </ClInclude>
    <ClInclude Include="Graphics\Vulkan\ColorBufferVK.h">
      <Filter>Graphics\Vulkan</Filter>
    </ClInclude>
    <ClInclude Include="Graphics\Vulkan\DepthBufferVK.h">
      <Filter>Graphics\Vulkan</Filter>
    </ClInclude>
    <ClInclude Include="Core\RefCounted.h">
      <Filter>Core</Filter>
    </ClInclude>
    <ClInclude Include="Graphics\Vulkan\CommandContextVK.h">
      <Filter>Graphics\Vulkan</Filter>
    </ClInclude>
    <ClInclude Include="Graphics\GpuResource.h">
      <Filter>Graphics</Filter>
    </ClInclude>
    <ClInclude Include="Graphics\DX12\GpuBuffer12.h">
      <Filter>Graphics\DX12</Filter>
    </ClInclude>
    <ClInclude Include="Graphics\GpuBuffer.h">
      <Filter>Graphics</Filter>
    </ClInclude>
    <ClInclude Include="Graphics\Vulkan\GpuBufferVK.h">
      <Filter>Graphics\Vulkan</Filter>
    </ClInclude>
    <ClInclude Include="Graphics\DX12\LinearAllocator12.h">
      <Filter>Graphics\DX12</Filter>
    </ClInclude>
    <ClInclude Include="..\External\D3D12MemoryAllocator\include\D3D12MemAlloc.h">
      <Filter>External\D3D12MemoryAllocator</Filter>
    </ClInclude>
    <ClInclude Include="Graphics\RootSignature.h">
      <Filter>Graphics</Filter>
    </ClInclude>
    <ClInclude Include="Graphics\PipelineState.h">
      <Filter>Graphics</Filter>
    </ClInclude>
    <ClInclude Include="Graphics\InputLayout.h">
      <Filter>Graphics</Filter>
    </ClInclude>
    <ClInclude Include="BinaryReader.h" />
    <ClInclude Include="Graphics\Shader.h">
      <Filter>Graphics</Filter>
    </ClInclude>
    <ClInclude Include="Graphics\DX12\Shader12.h">
      <Filter>Graphics\DX12</Filter>
    </ClInclude>
    <ClInclude Include="Graphics\CommonStates.h">
      <Filter>Graphics</Filter>
    </ClInclude>
    <ClInclude Include="Graphics\DescriptorSet.h">
      <Filter>Graphics</Filter>
    </ClInclude>
    <ClInclude Include="Graphics\Vulkan\DescriptorAllocatorVK.h">
      <Filter>Graphics\Vulkan</Filter>
    </ClInclude>
    <ClInclude Include="Graphics\ResourceSet.h">
      <Filter>Graphics</Filter>
    </ClInclude>
    <ClInclude Include="Graphics\Camera.h">
      <Filter>Graphics</Filter>
    </ClInclude>
    <ClInclude Include="CameraController.h" />
    <ClInclude Include="Graphics\DX12\DescriptorSetPool12.h">
      <Filter>Graphics\DX12</Filter>
    </ClInclude>
    <ClInclude Include="Graphics\DX12\PipelineStatePool12.h">
      <Filter>Graphics\DX12</Filter>
    </ClInclude>
    <ClInclude Include="Graphics\DX12\RootSignaturePool12.h">
      <Filter>Graphics\DX12</Filter>
    </ClInclude>
    <ClInclude Include="Graphics\Vulkan\RootSignaturePoolVK.h">
      <Filter>Graphics\Vulkan</Filter>
    </ClInclude>
    <ClInclude Include="Graphics\Vulkan\PipelineStatePoolVK.h">
      <Filter>Graphics\Vulkan</Filter>
    </ClInclude>
    <ClInclude Include="Graphics\Vulkan\DescriptorSetPoolVK.h">
      <Filter>Graphics\Vulkan</Filter>
    </ClInclude>
  </ItemGroup>
  <ItemGroup>
    <Filter Include="Core">
      <UniqueIdentifier>{6329aded-edc7-4494-a88d-73cb7ef493d9}</UniqueIdentifier>
    </Filter>
    <Filter Include="Core\Math">
      <UniqueIdentifier>{df2292ed-b3b7-4261-bf5d-cfc5540b4081}</UniqueIdentifier>
    </Filter>
    <Filter Include="Graphics">
      <UniqueIdentifier>{45e3e9e6-1acc-4a27-84e3-ed584659d31d}</UniqueIdentifier>
    </Filter>
    <Filter Include="Graphics\DX12">
      <UniqueIdentifier>{3f489807-3baa-49a1-8754-1a01e4f75c9b}</UniqueIdentifier>
    </Filter>
    <Filter Include="Graphics\Vulkan">
      <UniqueIdentifier>{a3efc24f-f74a-4a3d-b0ee-2236e1dae3ef}</UniqueIdentifier>
    </Filter>
    <Filter Include="External">
      <UniqueIdentifier>{292eff18-e6b3-4d0b-b58a-dfeea620a2fa}</UniqueIdentifier>
    </Filter>
    <Filter Include="External\D3D12MemoryAllocator">
      <UniqueIdentifier>{59823768-1df6-473b-92a4-bf53b64cf05b}</UniqueIdentifier>
    </Filter>
  </ItemGroup>
  <ItemGroup>
    <None Include="Core\Math\Functions.inl">
      <Filter>Core\Math</Filter>
    </None>
    <None Include="packages.config" />
  </ItemGroup>
  <ItemGroup>
    <Natvis Include="$(MSBuildThisFileDirectory)..\..\natvis\wil.natvis" />
  </ItemGroup>
</Project>