<?xml version="1.0" encoding="utf-8"?>
<Project ToolsVersion="4.0" xmlns="http://schemas.microsoft.com/developer/msbuild/2003">
  <ItemGroup>
    <ClInclude Include="TestApp.h" />
    <ClInclude Include="Stdafx.h" />
    <ClInclude Include="..\Common\UWP\View.h">
      <Filter>Common</Filter>
    </ClInclude>
    <ClInclude Include="..\Common\UWP\ViewProvider.h">
      <Filter>Common</Filter>
    </ClInclude>
  </ItemGroup>
  <ItemGroup>
    <ClCompile Include="TestApp.cpp" />
    <ClCompile Include="MainUWP.cpp" />
    <ClCompile Include="Stdafx.cpp" />
    <ClCompile Include="..\Common\UWP\View.cpp">
      <Filter>Common</Filter>
    </ClCompile>
    <ClCompile Include="..\Common\UWP\ViewProvider.cpp">
      <Filter>Common</Filter>
    </ClCompile>
  </ItemGroup>
  <ItemGroup>
    <AppxManifest Include="Package.appxmanifest" />
  </ItemGroup>
  <ItemGroup>
    <Filter Include="Assets">
      <UniqueIdentifier>{1e281725-684d-4161-adda-eddc0a8ab62c}</UniqueIdentifier>
    </Filter>
    <Filter Include="Common">
      <UniqueIdentifier>{560db429-35fe-4243-afd4-f144e7c70ce1}</UniqueIdentifier>
    </Filter>
  </ItemGroup>
  <ItemGroup>
    <Image Include="..\Common\UWP\Assets\LockScreenLogo.scale-200.png">
      <Filter>Assets</Filter>
    </Image>
    <Image Include="..\Common\UWP\Assets\SplashScreen.scale-200.png">
      <Filter>Assets</Filter>
    </Image>
    <Image Include="..\Common\UWP\Assets\Square44x44Logo.scale-200.png">
      <Filter>Assets</Filter>
    </Image>
    <Image Include="..\Common\UWP\Assets\Square44x44Logo.targetsize-24_altform-unplated.png">
      <Filter>Assets</Filter>
    </Image>
    <Image Include="..\Common\UWP\Assets\Square150x150Logo.scale-200.png">
      <Filter>Assets</Filter>
    </Image>
    <Image Include="..\Common\UWP\Assets\StoreLogo.png">
      <Filter>Assets</Filter>
    </Image>
    <Image Include="..\Common\UWP\Assets\Wide310x150Logo.scale-200.png">
      <Filter>Assets</Filter>
    </Image>
  </ItemGroup>
</Project>