<?xml version="1.0" encoding="utf-8"?>
<Project ToolsVersion="4.0" xmlns="http://schemas.microsoft.com/developer/msbuild/2003">
  <ItemGroup>
    <ClCompile Include="Main.cpp" />
    <ClCompile Include="Stdafx.cpp" />
    <ClCompile Include="TextureArrayApp.cpp" />
  </ItemGroup>
  <ItemGroup>
    <ClInclude Include="Stdafx.h" />
    <ClInclude Include="TextureArrayApp.h" />
  </ItemGroup>
  <ItemGroup>
    <None Include="packages.config" />
    <LunaShaderCfg Include="Shaders\shaders.cfg">
      <Filter>Shaders</Filter>
    </LunaShaderCfg>
  </ItemGroup>
  <ItemGroup>
    <Filter Include="Shaders">
      <UniqueIdentifier>{76958803-5044-45aa-abf5-d406a0d00ad3}</UniqueIdentifier>
    </Filter>
  </ItemGroup>
  <ItemGroup>
    <None Include="Shaders\InstancingVS.hlsl">
      <Filter>Shaders</Filter>
    </None>
    <None Include="Shaders\InstancingPS.hlsl">
      <Filter>Shaders</Filter>
    </None>
  </ItemGroup>
  <ItemGroup>
    <Natvis Include="$(MSBuildThisFileDirectory)..\..\natvis\wil.natvis" />
  </ItemGroup>
</Project>