<?xml version="1.0" encoding="utf-8"?>
<Project ToolsVersion="4.0" xmlns="http://schemas.microsoft.com/developer/msbuild/2003">
  <ItemGroup>
    <ClCompile Include="Main.cpp" />
    <ClCompile Include="Stdafx.cpp" />
    <ClCompile Include="EndCapApp.cpp" />
    <ClCompile Include="EndCapGenerator.cpp" />
  </ItemGroup>
  <ItemGroup>
    <ClInclude Include="Stdafx.h" />
    <ClInclude Include="EndCapApp.h" />
    <ClInclude Include="EndCapGenerator.h" />
  </ItemGroup>
  <ItemGroup>
    <None Include="packages.config" />
    <LunaShaderCfg Include="Shaders\shaders.cfg">
      <Filter>Shaders</Filter>
    </LunaShaderCfg>
    <None Include="Shaders\ContourGS.hlsl">
      <Filter>Shaders</Filter>
    </None>
    <None Include="Shaders\JumpFloodInitCS.hlsl">
      <Filter>Shaders</Filter>
    </None>
    <None Include="Shaders\JumpFloodCS.hlsl">
      <Filter>Shaders</Filter>
    </None>
    <None Include="Shaders\MedianFilterCS.hlsl">
      <Filter>Shaders</Filter>
    </None>
    <None Include="Shaders\ContourPS.hlsl">
      <Filter>Shaders</Filter>
    </None>
    <None Include="Shaders\ContourVS.hlsl">
      <Filter>Shaders</Filter>
    </None>
    <None Include="Shaders\MeshPS.hlsl">
      <Filter>Shaders</Filter>
    </None>
    <None Include="Shaders\MeshVS.hlsl">
      <Filter>Shaders</Filter>
    </None>
    <None Include="Shaders\BoundsInitCS.hlsl">
      <Filter>Shaders</Filter>
    </None>
    <None Include="Shaders\PrepareEdgeCullCS.hlsl">
      <Filter>Shaders</Filter>
    </None>
    <None Include="Shaders\EdgeCullCS.hlsl">
      <Filter>Shaders</Filter>
    </None>
    <None Include="Shaders\EdgeCrossingCS.hlsl">
      <Filter>Shaders</Filter>
    </None>
    <None Include="Shaders\BorderInitCS.hlsl">
      <Filter>Shaders</Filter>
    </None>
    <None Include="Shaders\OuterContourCS.hlsl">
      <Filter>Shaders</Filter>
    </None>
    <None Include="Shaders\DownsampleContoursCS.hlsl">
      <Filter>Shaders</Filter>
    </None>
    <None Include="Shaders\FillCS.hlsl">
      <Filter>Shaders</Filter>
    </None>
  </ItemGroup>
  <ItemGroup>
    <Filter Include="Shaders">
      <UniqueIdentifier>{b02a4703-6c91-41d6-b1b3-f9dd4c86077b}</UniqueIdentifier>
    </Filter>
  </ItemGroup>
  <ItemGroup>
    <Natvis Include="$(MSBuildThisFileDirectory)..\..\natvis\wil.natvis" />
  </ItemGroup>
</Project>