<?xml version="1.0" encoding="utf-8"?>
<Project ToolsVersion="4.0" xmlns="http://schemas.microsoft.com/developer/msbuild/2003">
  <ItemGroup>
    <ClCompile Include="Main.cpp" />
    <ClCompile Include="Stdafx.cpp" />
    <ClCompile Include="PipelinesApp.cpp" />
  </ItemGroup>
  <ItemGroup>
    <ClInclude Include="Stdafx.h" />
    <ClInclude Include="PipelinesApp.h" />
  </ItemGroup>
  <ItemGroup>
    <None Include="packages.config" />
    <LunaShaderCfg Include="Shaders\shaders.cfg">
      <Filter>Shaders</Filter>
    </LunaShaderCfg>
    <None Include="Shaders\ToonPS.hlsl">
      <Filter>Shaders</Filter>
    </None>
    <None Include="Shaders\ToonVS.hlsl">
      <Filter>Shaders</Filter>
    </None>
    <None Include="Shaders\WireframePS.hlsl">
      <Filter>Shaders</Filter>
    </None>
    <None Include="Shaders\WireframeVS.hlsl">
      <Filter>Shaders</Filter>
    </None>
  </ItemGroup>
  <ItemGroup>
    <Filter Include="Shaders">
      <UniqueIdentifier>{b02a4703-6c91-41d6-b1b3-f9dd4c86077b}</UniqueIdentifier>
    </Filter>
  </ItemGroup>
  <ItemGroup>
    <None Include="Shaders\PhongVS.hlsl">
      <Filter>Shaders</Filter>
    </None>
    <None Include="Shaders\PhongPS.hlsl">
      <Filter>Shaders</Filter>
    </None>
  </ItemGroup>
  <ItemGroup>
    <Natvis Include="$(MSBuildThisFileDirectory)..\..\natvis\wil.natvis" />
  </ItemGroup>
</Project>